
Microsoft Visual Studio Solution File, Format Version 12.00
# Visual Studio Version 16
VisualStudioVersion = 16.0.30804.86
MinimumVisualStudioVersion = 10.0.40219.1
Project("{FAE04EC0-301F-11D3-BF4B-00C04F79EFBC}") = "Barber", "Barber.csproj", "{F81492CF-23CE-4ABC-B7C5-1723FED764D2}"
EndProject
Global
	GlobalSection(SolutionConfigurationPlatforms) = preSolution
		Debug|Any CPU = Debug|Any CPU
		Release|Any CPU = Release|Any CPU
	EndGlobalSection
	GlobalSection(ProjectConfigurationPlatforms) = postSolution
		{F81492CF-23CE-4ABC-B7C5-1723FED764D2}.Debug|Any CPU.ActiveCfg = Debug|Any CPU
		{F81492CF-23CE-4ABC-B7C5-1723FED764D2}.Debug|Any CPU.Build.0 = Debug|Any CPU
		{F81492CF-23CE-4ABC-B7C5-1723FED764D2}.Release|Any CPU.ActiveCfg = Release|Any CPU
		{F81492CF-23CE-4ABC-B7C5-1723FED764D2}.Release|Any CPU.Build.0 = Release|Any CPU
	EndGlobalSection
	GlobalSection(SolutionProperties) = preSolution
		HideSolutionNode = FALSE
	EndGlobalSection
	GlobalSection(ExtensibilityGlobals) = postSolution
		SolutionGuid = {C6FAE588-E02A-4AFB-AD25-937E4E3DB841}
	EndGlobalSection
EndGlobal
